// !$*UTF8*$!
{
	archiveVersion = 1;
	classes = {
	};
	objectVersion = 46;
	objects = {

/* Begin PBXBuildFile section */
		81D6689F1BA7E8F4001CC403 /* AppDelegate.swift in Sources */ = {isa = PBXBuildFile; fileRef = 81D6689E1BA7E8F4001CC403 /* AppDelegate.swift */; };
		81D668A11BA7E8F4001CC403 /* ViewController.swift in Sources */ = {isa = PBXBuildFile; fileRef = 81D668A01BA7E8F4001CC403 /* ViewController.swift */; };
		81D668A91BA7E8F4001CC403 /* LaunchScreen.xib in Resources */ = {isa = PBXBuildFile; fileRef = 81D668A71BA7E8F4001CC403 /* LaunchScreen.xib */; };
		81D668B51BA7E8F4001CC403 /* WeatherDemoTests.swift in Sources */ = {isa = PBXBuildFile; fileRef = 81D668B41BA7E8F4001CC403 /* WeatherDemoTests.swift */; };
		81D668C71BA7EABF001CC403 /* Main.storyboard in Resources */ = {isa = PBXBuildFile; fileRef = 81D668C61BA7EABF001CC403 /* Main.storyboard */; };
		81D668C81BA7EABF001CC403 /* Main.storyboard in Resources */ = {isa = PBXBuildFile; fileRef = 81D668C61BA7EABF001CC403 /* Main.storyboard */; };
		81D668CA1BA7EB48001CC403 /* Images.xcassets in Resources */ = {isa = PBXBuildFile; fileRef = 81D668C91BA7EB48001CC403 /* Images.xcassets */; };
		81D668CB1BA7EB48001CC403 /* Images.xcassets in Resources */ = {isa = PBXBuildFile; fileRef = 81D668C91BA7EB48001CC403 /* Images.xcassets */; };
		81D668CD1BA7ED3E001CC403 /* WeatherService.swift in Sources */ = {isa = PBXBuildFile; fileRef = 81D668CC1BA7ED3E001CC403 /* WeatherService.swift */; };
		81D668CE1BA7ED3E001CC403 /* WeatherService.swift in Sources */ = {isa = PBXBuildFile; fileRef = 81D668CC1BA7ED3E001CC403 /* WeatherService.swift */; };
		81D668D01BA7FD4F001CC403 /* WeatherKit.swift in Sources */ = {isa = PBXBuildFile; fileRef = 81D668CF1BA7FD4F001CC403 /* WeatherKit.swift */; };
		81D668D11BA7FD4F001CC403 /* WeatherKit.swift in Sources */ = {isa = PBXBuildFile; fileRef = 81D668CF1BA7FD4F001CC403 /* WeatherKit.swift */; };
		81D668D31BA80D32001CC403 /* Weather.swift in Sources */ = {isa = PBXBuildFile; fileRef = 81D668D21BA80D32001CC403 /* Weather.swift */; };
		81D668D41BA80D32001CC403 /* Weather.swift in Sources */ = {isa = PBXBuildFile; fileRef = 81D668D21BA80D32001CC403 /* Weather.swift */; };
		81D668D61BA81035001CC403 /* WeatherDisplay.swift in Sources */ = {isa = PBXBuildFile; fileRef = 81D668D51BA81035001CC403 /* WeatherDisplay.swift */; };
		81D668D71BA81035001CC403 /* WeatherDisplay.swift in Sources */ = {isa = PBXBuildFile; fileRef = 81D668D51BA81035001CC403 /* WeatherDisplay.swift */; };
		EC6EF6B593F4D3FDDB646343 /* Pods_WeatherDemo.framework in Frameworks */ = {isa = PBXBuildFile; fileRef = F75BFEAF2AB82C6CC197FB8E /* Pods_WeatherDemo.framework */; settings = {ATTRIBUTES = (Weak, ); }; };
/* End PBXBuildFile section */

/* Begin PBXContainerItemProxy section */
		81D668AF1BA7E8F4001CC403 /* PBXContainerItemProxy */ = {
			isa = PBXContainerItemProxy;
			containerPortal = 81D668911BA7E8F4001CC403 /* Project object */;
			proxyType = 1;
			remoteGlobalIDString = 81D668981BA7E8F4001CC403;
			remoteInfo = WeatherDemo;
		};
/* End PBXContainerItemProxy section */

/* Begin PBXFileReference section */
		1866C0D01904E98AF053A157 /* Pods-WeatherDemo.debug.xcconfig */ = {isa = PBXFileReference; includeInIndex = 1; lastKnownFileType = text.xcconfig; name = "Pods-WeatherDemo.debug.xcconfig"; path = "Pods/Target Support Files/Pods-WeatherDemo/Pods-WeatherDemo.debug.xcconfig"; sourceTree = "<group>"; };
		79A5173B5DEBCA8509A2BF4F /* Pods-WeatherDemo.release.xcconfig */ = {isa = PBXFileReference; includeInIndex = 1; lastKnownFileType = text.xcconfig; name = "Pods-WeatherDemo.release.xcconfig"; path = "Pods/Target Support Files/Pods-WeatherDemo/Pods-WeatherDemo.release.xcconfig"; sourceTree = "<group>"; };
		81D668991BA7E8F4001CC403 /* WeatherDemo.app */ = {isa = PBXFileReference; explicitFileType = wrapper.application; includeInIndex = 0; path = WeatherDemo.app; sourceTree = BUILT_PRODUCTS_DIR; };
		81D6689D1BA7E8F4001CC403 /* Info.plist */ = {isa = PBXFileReference; lastKnownFileType = text.plist.xml; path = Info.plist; sourceTree = "<group>"; };
		81D6689E1BA7E8F4001CC403 /* AppDelegate.swift */ = {isa = PBXFileReference; lastKnownFileType = sourcecode.swift; path = AppDelegate.swift; sourceTree = "<group>"; };
		81D668A01BA7E8F4001CC403 /* ViewController.swift */ = {isa = PBXFileReference; lastKnownFileType = sourcecode.swift; path = ViewController.swift; sourceTree = "<group>"; };
		81D668A81BA7E8F4001CC403 /* Base */ = {isa = PBXFileReference; lastKnownFileType = file.xib; name = Base; path = Base.lproj/LaunchScreen.xib; sourceTree = "<group>"; };
		81D668AE1BA7E8F4001CC403 /* WeatherDemoTests.xctest */ = {isa = PBXFileReference; explicitFileType = wrapper.cfbundle; includeInIndex = 0; path = WeatherDemoTests.xctest; sourceTree = BUILT_PRODUCTS_DIR; };
		81D668B31BA7E8F4001CC403 /* Info.plist */ = {isa = PBXFileReference; lastKnownFileType = text.plist.xml; path = Info.plist; sourceTree = "<group>"; };
		81D668B41BA7E8F4001CC403 /* WeatherDemoTests.swift */ = {isa = PBXFileReference; lastKnownFileType = sourcecode.swift; path = WeatherDemoTests.swift; sourceTree = "<group>"; };
		81D668C61BA7EABF001CC403 /* Main.storyboard */ = {isa = PBXFileReference; fileEncoding = 4; lastKnownFileType = file.storyboard; path = Main.storyboard; sourceTree = "<group>"; };
		81D668C91BA7EB48001CC403 /* Images.xcassets */ = {isa = PBXFileReference; lastKnownFileType = folder.assetcatalog; path = Images.xcassets; sourceTree = "<group>"; };
		81D668CC1BA7ED3E001CC403 /* WeatherService.swift */ = {isa = PBXFileReference; fileEncoding = 4; lastKnownFileType = sourcecode.swift; path = WeatherService.swift; sourceTree = "<group>"; };
		81D668CF1BA7FD4F001CC403 /* WeatherKit.swift */ = {isa = PBXFileReference; fileEncoding = 4; lastKnownFileType = sourcecode.swift; path = WeatherKit.swift; sourceTree = "<group>"; };
		81D668D21BA80D32001CC403 /* Weather.swift */ = {isa = PBXFileReference; fileEncoding = 4; lastKnownFileType = sourcecode.swift; path = Weather.swift; sourceTree = "<group>"; };
		81D668D51BA81035001CC403 /* WeatherDisplay.swift */ = {isa = PBXFileReference; fileEncoding = 4; lastKnownFileType = sourcecode.swift; path = WeatherDisplay.swift; sourceTree = "<group>"; };
		F75BFEAF2AB82C6CC197FB8E /* Pods_WeatherDemo.framework */ = {isa = PBXFileReference; explicitFileType = wrapper.framework; includeInIndex = 0; path = Pods_WeatherDemo.framework; sourceTree = BUILT_PRODUCTS_DIR; };
/* End PBXFileReference section */

/* Begin PBXFrameworksBuildPhase section */
		81D668961BA7E8F4001CC403 /* Frameworks */ = {
			isa = PBXFrameworksBuildPhase;
			buildActionMask = 2147483647;
			files = (
				EC6EF6B593F4D3FDDB646343 /* Pods_WeatherDemo.framework in Frameworks */,
			);
			runOnlyForDeploymentPostprocessing = 0;
		};
		81D668AB1BA7E8F4001CC403 /* Frameworks */ = {
			isa = PBXFrameworksBuildPhase;
			buildActionMask = 2147483647;
			files = (
			);
			runOnlyForDeploymentPostprocessing = 0;
		};
/* End PBXFrameworksBuildPhase section */

/* Begin PBXGroup section */
		073D6BEAAF4AA1BB4613136B /* Frameworks */ = {
			isa = PBXGroup;
			children = (
				F75BFEAF2AB82C6CC197FB8E /* Pods_WeatherDemo.framework */,
			);
			name = Frameworks;
			sourceTree = "<group>";
		};
		32871DE6DFFF350AE1A7CAC2 /* Pods */ = {
			isa = PBXGroup;
			children = (
				1866C0D01904E98AF053A157 /* Pods-WeatherDemo.debug.xcconfig */,
				79A5173B5DEBCA8509A2BF4F /* Pods-WeatherDemo.release.xcconfig */,
			);
			name = Pods;
			sourceTree = "<group>";
		};
		81D668901BA7E8F4001CC403 = {
			isa = PBXGroup;
			children = (
				81D6689B1BA7E8F4001CC403 /* WeatherDemo */,
				81D668B11BA7E8F4001CC403 /* WeatherDemoTests */,
				81D6689A1BA7E8F4001CC403 /* Products */,
				32871DE6DFFF350AE1A7CAC2 /* Pods */,
				073D6BEAAF4AA1BB4613136B /* Frameworks */,
			);
			sourceTree = "<group>";
		};
		81D6689A1BA7E8F4001CC403 /* Products */ = {
			isa = PBXGroup;
			children = (
				81D668991BA7E8F4001CC403 /* WeatherDemo.app */,
				81D668AE1BA7E8F4001CC403 /* WeatherDemoTests.xctest */,
			);
			name = Products;
			sourceTree = "<group>";
		};
		81D6689B1BA7E8F4001CC403 /* WeatherDemo */ = {
			isa = PBXGroup;
			children = (
				81D668C41BA7EA0C001CC403 /* Resources */,
				81D668C31BA7EA06001CC403 /* Extensions */,
				81D668C21BA7E9D7001CC403 /* Services */,
				81D668C11BA7E9CC001CC403 /* Storages */,
				81D668C01BA7E9C0001CC403 /* Controllers */,
				81D668BF1BA7E9BB001CC403 /* Views */,
				81D668BE1BA7E9B5001CC403 /* Models */,
				81D6689C1BA7E8F4001CC403 /* Supporting Files */,
			);
			path = WeatherDemo;
			sourceTree = "<group>";
		};
		81D6689C1BA7E8F4001CC403 /* Supporting Files */ = {
			isa = PBXGroup;
			children = (
				81D6689D1BA7E8F4001CC403 /* Info.plist */,
			);
			name = "Supporting Files";
			sourceTree = "<group>";
		};
		81D668B11BA7E8F4001CC403 /* WeatherDemoTests */ = {
			isa = PBXGroup;
			children = (
				81D668B41BA7E8F4001CC403 /* WeatherDemoTests.swift */,
				81D668B21BA7E8F4001CC403 /* Supporting Files */,
			);
			path = WeatherDemoTests;
			sourceTree = "<group>";
		};
		81D668B21BA7E8F4001CC403 /* Supporting Files */ = {
			isa = PBXGroup;
			children = (
				81D668B31BA7E8F4001CC403 /* Info.plist */,
			);
			name = "Supporting Files";
			sourceTree = "<group>";
		};
		81D668BE1BA7E9B5001CC403 /* Models */ = {
			isa = PBXGroup;
			children = (
				81D668CF1BA7FD4F001CC403 /* WeatherKit.swift */,
				81D668D21BA80D32001CC403 /* Weather.swift */,
				81D668D51BA81035001CC403 /* WeatherDisplay.swift */,
			);
			name = Models;
			sourceTree = "<group>";
		};
		81D668BF1BA7E9BB001CC403 /* Views */ = {
			isa = PBXGroup;
			children = (
				81D668C51BA7EA1B001CC403 /* Storyboards & Nibs */,
			);
			name = Views;
			sourceTree = "<group>";
		};
		81D668C01BA7E9C0001CC403 /* Controllers */ = {
			isa = PBXGroup;
			children = (
				81D6689E1BA7E8F4001CC403 /* AppDelegate.swift */,
				81D668A01BA7E8F4001CC403 /* ViewController.swift */,
			);
			name = Controllers;
			sourceTree = "<group>";
		};
		81D668C11BA7E9CC001CC403 /* Storages */ = {
			isa = PBXGroup;
			children = (
			);
			name = Storages;
			sourceTree = "<group>";
		};
		81D668C21BA7E9D7001CC403 /* Services */ = {
			isa = PBXGroup;
			children = (
				81D668CC1BA7ED3E001CC403 /* WeatherService.swift */,
			);
			name = Services;
			sourceTree = "<group>";
		};
		81D668C31BA7EA06001CC403 /* Extensions */ = {
			isa = PBXGroup;
			children = (
			);
			name = Extensions;
			sourceTree = "<group>";
		};
		81D668C41BA7EA0C001CC403 /* Resources */ = {
			isa = PBXGroup;
			children = (
				81D668C91BA7EB48001CC403 /* Images.xcassets */,
			);
			name = Resources;
			sourceTree = "<group>";
		};
		81D668C51BA7EA1B001CC403 /* Storyboards & Nibs */ = {
			isa = PBXGroup;
			children = (
				81D668C61BA7EABF001CC403 /* Main.storyboard */,
				81D668A71BA7E8F4001CC403 /* LaunchScreen.xib */,
			);
			name = "Storyboards & Nibs";
			sourceTree = "<group>";
		};
/* End PBXGroup section */

/* Begin PBXNativeTarget section */
		81D668981BA7E8F4001CC403 /* WeatherDemo */ = {
			isa = PBXNativeTarget;
			buildConfigurationList = 81D668B81BA7E8F4001CC403 /* Build configuration list for PBXNativeTarget "WeatherDemo" */;
			buildPhases = (
				C4FEC41C9202D3F955C11572 /* Check Pods Manifest.lock */,
				81D668951BA7E8F4001CC403 /* Sources */,
				81D668961BA7E8F4001CC403 /* Frameworks */,
				81D668971BA7E8F4001CC403 /* Resources */,
				16377790E4D0994BDC25C076 /* Embed Pods Frameworks */,
				BA2D298F69474F81736B4B0F /* Copy Pods Resources */,
			);
			buildRules = (
			);
			dependencies = (
			);
			name = WeatherDemo;
			productName = WeatherDemo;
			productReference = 81D668991BA7E8F4001CC403 /* WeatherDemo.app */;
			productType = "com.apple.product-type.application";
		};
		81D668AD1BA7E8F4001CC403 /* WeatherDemoTests */ = {
			isa = PBXNativeTarget;
			buildConfigurationList = 81D668BB1BA7E8F4001CC403 /* Build configuration list for PBXNativeTarget "WeatherDemoTests" */;
			buildPhases = (
				81D668AA1BA7E8F4001CC403 /* Sources */,
				81D668AB1BA7E8F4001CC403 /* Frameworks */,
				81D668AC1BA7E8F4001CC403 /* Resources */,
			);
			buildRules = (
			);
			dependencies = (
				81D668B01BA7E8F4001CC403 /* PBXTargetDependency */,
			);
			name = WeatherDemoTests;
			productName = WeatherDemoTests;
			productReference = 81D668AE1BA7E8F4001CC403 /* WeatherDemoTests.xctest */;
			productType = "com.apple.product-type.bundle.unit-test";
		};
/* End PBXNativeTarget section */

/* Begin PBXProject section */
		81D668911BA7E8F4001CC403 /* Project object */ = {
			isa = PBXProject;
			attributes = {
				LastSwiftMigration = 0700;
				LastSwiftUpdateCheck = 0700;
				LastUpgradeCheck = 0700;
				ORGANIZATIONNAME = com.czs;
				TargetAttributes = {
					81D668981BA7E8F4001CC403 = {
						CreatedOnToolsVersion = 6.4;
					};
					81D668AD1BA7E8F4001CC403 = {
						CreatedOnToolsVersion = 6.4;
						TestTargetID = 81D668981BA7E8F4001CC403;
					};
				};
			};
			buildConfigurationList = 81D668941BA7E8F4001CC403 /* Build configuration list for PBXProject "WeatherDemo" */;
			compatibilityVersion = "Xcode 3.2";
			developmentRegion = English;
			hasScannedForEncodings = 0;
			knownRegions = (
				en,
				Base,
			);
			mainGroup = 81D668901BA7E8F4001CC403;
			productRefGroup = 81D6689A1BA7E8F4001CC403 /* Products */;
			projectDirPath = "";
			projectRoot = "";
			targets = (
				81D668981BA7E8F4001CC403 /* WeatherDemo */,
				81D668AD1BA7E8F4001CC403 /* WeatherDemoTests */,
			);
		};
/* End PBXProject section */

/* Begin PBXResourcesBuildPhase section */
		81D668971BA7E8F4001CC403 /* Resources */ = {
			isa = PBXResourcesBuildPhase;
			buildActionMask = 2147483647;
			files = (
				81D668CA1BA7EB48001CC403 /* Images.xcassets in Resources */,
				81D668C71BA7EABF001CC403 /* Main.storyboard in Resources */,
				81D668A91BA7E8F4001CC403 /* LaunchScreen.xib in Resources */,
			);
			runOnlyForDeploymentPostprocessing = 0;
		};
		81D668AC1BA7E8F4001CC403 /* Resources */ = {
			isa = PBXResourcesBuildPhase;
			buildActionMask = 2147483647;
			files = (
				81D668C81BA7EABF001CC403 /* Main.storyboard in Resources */,
				81D668CB1BA7EB48001CC403 /* Images.xcassets in Resources */,
			);
			runOnlyForDeploymentPostprocessing = 0;
		};
/* End PBXResourcesBuildPhase section */

/* Begin PBXShellScriptBuildPhase section */
		16377790E4D0994BDC25C076 /* Embed Pods Frameworks */ = {
			isa = PBXShellScriptBuildPhase;
			buildActionMask = 2147483647;
			files = (
			);
			inputPaths = (
			);
			name = "Embed Pods Frameworks";
			outputPaths = (
			);
			runOnlyForDeploymentPostprocessing = 0;
			shellPath = /bin/sh;
			shellScript = "\"${SRCROOT}/Pods/Target Support Files/Pods-WeatherDemo/Pods-WeatherDemo-frameworks.sh\"\n";
			showEnvVarsInLog = 0;
		};
		BA2D298F69474F81736B4B0F /* Copy Pods Resources */ = {
			isa = PBXShellScriptBuildPhase;
			buildActionMask = 2147483647;
			files = (
			);
			inputPaths = (
			);
			name = "Copy Pods Resources";
			outputPaths = (
			);
			runOnlyForDeploymentPostprocessing = 0;
			shellPath = /bin/sh;
			shellScript = "\"${SRCROOT}/Pods/Target Support Files/Pods-WeatherDemo/Pods-WeatherDemo-resources.sh\"\n";
			showEnvVarsInLog = 0;
		};
		C4FEC41C9202D3F955C11572 /* Check Pods Manifest.lock */ = {
			isa = PBXShellScriptBuildPhase;
			buildActionMask = 2147483647;
			files = (
			);
			inputPaths = (
			);
			name = "Check Pods Manifest.lock";
			outputPaths = (
			);
			runOnlyForDeploymentPostprocessing = 0;
			shellPath = /bin/sh;
			shellScript = "diff \"${PODS_ROOT}/../Podfile.lock\" \"${PODS_ROOT}/Manifest.lock\" > /dev/null\nif [[ $? != 0 ]] ; then\n    cat << EOM\nerror: The sandbox is not in sync with the Podfile.lock. Run 'pod install' or update your CocoaPods installation.\nEOM\n    exit 1\nfi\n";
			showEnvVarsInLog = 0;
		};
/* End PBXShellScriptBuildPhase section */

/* Begin PBXSourcesBuildPhase section */
		81D668951BA7E8F4001CC403 /* Sources */ = {
			isa = PBXSourcesBuildPhase;
			buildActionMask = 2147483647;
			files = (
				81D668D01BA7FD4F001CC403 /* WeatherKit.swift in Sources */,
				81D668CD1BA7ED3E001CC403 /* WeatherService.swift in Sources */,
				81D668A11BA7E8F4001CC403 /* ViewController.swift in Sources */,
				81D668D61BA81035001CC403 /* WeatherDisplay.swift in Sources */,
				81D6689F1BA7E8F4001CC403 /* AppDelegate.swift in Sources */,
				81D668D31BA80D32001CC403 /* Weather.swift in Sources */,
			);
			runOnlyForDeploymentPostprocessing = 0;
		};
		81D668AA1BA7E8F4001CC403 /* Sources */ = {
			isa = PBXSourcesBuildPhase;
			buildActionMask = 2147483647;
			files = (
				81D668D41BA80D32001CC403 /* Weather.swift in Sources */,
				81D668D71BA81035001CC403 /* WeatherDisplay.swift in Sources */,
				81D668B51BA7E8F4001CC403 /* WeatherDemoTests.swift in Sources */,
				81D668D11BA7FD4F001CC403 /* WeatherKit.swift in Sources */,
				81D668CE1BA7ED3E001CC403 /* WeatherService.swift in Sources */,
			);
			runOnlyForDeploymentPostprocessing = 0;
		};
/* End PBXSourcesBuildPhase section */

/* Begin PBXTargetDependency section */
		81D668B01BA7E8F4001CC403 /* PBXTargetDependency */ = {
			isa = PBXTargetDependency;
			target = 81D668981BA7E8F4001CC403 /* WeatherDemo */;
			targetProxy = 81D668AF1BA7E8F4001CC403 /* PBXContainerItemProxy */;
		};
/* End PBXTargetDependency section */

/* Begin PBXVariantGroup section */
		81D668A71BA7E8F4001CC403 /* LaunchScreen.xib */ = {
			isa = PBXVariantGroup;
			children = (
				81D668A81BA7E8F4001CC403 /* Base */,
			);
			name = LaunchScreen.xib;
			sourceTree = "<group>";
		};
/* End PBXVariantGroup section */

/* Begin XCBuildConfiguration section */
		81D668B61BA7E8F4001CC403 /* Debug */ = {
			isa = XCBuildConfiguration;
			buildSettings = {
				ALWAYS_SEARCH_USER_PATHS = NO;
				CLANG_CXX_LANGUAGE_STANDARD = "gnu++0x";
				CLANG_CXX_LIBRARY = "libc++";
				CLANG_ENABLE_MODULES = YES;
				CLANG_ENABLE_OBJC_ARC = YES;
				CLANG_WARN_BOOL_CONVERSION = YES;
				CLANG_WARN_CONSTANT_CONVERSION = YES;
				CLANG_WARN_DIRECT_OBJC_ISA_USAGE = YES_ERROR;
				CLANG_WARN_EMPTY_BODY = YES;
				CLANG_WARN_ENUM_CONVERSION = YES;
				CLANG_WARN_INT_CONVERSION = YES;
				CLANG_WARN_OBJC_ROOT_CLASS = YES_ERROR;
				CLANG_WARN_UNREACHABLE_CODE = YES;
				CLANG_WARN__DUPLICATE_METHOD_MATCH = YES;
				"CODE_SIGN_IDENTITY[sdk=iphoneos*]" = "iPhone Developer";
				COPY_PHASE_STRIP = NO;
				DEBUG_INFORMATION_FORMAT = "dwarf-with-dsym";
				ENABLE_STRICT_OBJC_MSGSEND = YES;
				ENABLE_TESTABILITY = YES;
				GCC_C_LANGUAGE_STANDARD = gnu99;
				GCC_DYNAMIC_NO_PIC = NO;
				GCC_NO_COMMON_BLOCKS = YES;
				GCC_OPTIMIZATION_LEVEL = 0;
				GCC_PREPROCESSOR_DEFINITIONS = (
					"DEBUG=1",
					"$(inherited)",
				);
				GCC_SYMBOLS_PRIVATE_EXTERN = NO;
				GCC_WARN_64_TO_32_BIT_CONVERSION = YES;
				GCC_WARN_ABOUT_RETURN_TYPE = YES_ERROR;
				GCC_WARN_UNDECLARED_SELECTOR = YES;
				GCC_WARN_UNINITIALIZED_AUTOS = YES_AGGRESSIVE;
				GCC_WARN_UNUSED_FUNCTION = YES;
				GCC_WARN_UNUSED_VARIABLE = YES;
				IPHONEOS_DEPLOYMENT_TARGET = 8.4;
				MTL_ENABLE_DEBUG_INFO = YES;
				ONLY_ACTIVE_ARCH = YES;
				SDKROOT = iphoneos;
				SWIFT_OPTIMIZATION_LEVEL = "-Onone";
				TARGETED_DEVICE_FAMILY = "1,2";
			};
			name = Debug;
		};
		81D668B71BA7E8F4001CC403 /* Release */ = {
			isa = XCBuildConfiguration;
			buildSettings = {
				ALWAYS_SEARCH_USER_PATHS = NO;
				CLANG_CXX_LANGUAGE_STANDARD = "gnu++0x";
				CLANG_CXX_LIBRARY = "libc++";
				CLANG_ENABLE_MODULES = YES;
				CLANG_ENABLE_OBJC_ARC = YES;
				CLANG_WARN_BOOL_CONVERSION = YES;
				CLANG_WARN_CONSTANT_CONVERSION = YES;
				CLANG_WARN_DIRECT_OBJC_ISA_USAGE = YES_ERROR;
				CLANG_WARN_EMPTY_BODY = YES;
				CLANG_WARN_ENUM_CONVERSION = YES;
				CLANG_WARN_INT_CONVERSION = YES;
				CLANG_WARN_OBJC_ROOT_CLASS = YES_ERROR;
				CLANG_WARN_UNREACHABLE_CODE = YES;
				CLANG_WARN__DUPLICATE_METHOD_MATCH = YES;
				"CODE_SIGN_IDENTITY[sdk=iphoneos*]" = "iPhone Developer";
				COPY_PHASE_STRIP = NO;
				DEBUG_INFORMATION_FORMAT = "dwarf-with-dsym";
				ENABLE_NS_ASSERTIONS = NO;
				ENABLE_STRICT_OBJC_MSGSEND = YES;
				GCC_C_LANGUAGE_STANDARD = gnu99;
				GCC_NO_COMMON_BLOCKS = YES;
				GCC_WARN_64_TO_32_BIT_CONVERSION = YES;
				GCC_WARN_ABOUT_RETURN_TYPE = YES_ERROR;
				GCC_WARN_UNDECLARED_SELECTOR = YES;
				GCC_WARN_UNINITIALIZED_AUTOS = YES_AGGRESSIVE;
				GCC_WARN_UNUSED_FUNCTION = YES;
				GCC_WARN_UNUSED_VARIABLE = YES;
				IPHONEOS_DEPLOYMENT_TARGET = 8.4;
				MTL_ENABLE_DEBUG_INFO = NO;
				SDKROOT = iphoneos;
				TARGETED_DEVICE_FAMILY = "1,2";
				VALIDATE_PRODUCT = YES;
			};
			name = Release;
		};
		81D668B91BA7E8F4001CC403 /* Debug */ = {
			isa = XCBuildConfiguration;
			baseConfigurationReference = 1866C0D01904E98AF053A157 /* Pods-WeatherDemo.debug.xcconfig */;
			buildSettings = {
				ASSETCATALOG_COMPILER_APPICON_NAME = AppIcon;
				INFOPLIST_FILE = WeatherDemo/Info.plist;
				LD_RUNPATH_SEARCH_PATHS = "$(inherited) @executable_path/Frameworks";
				PRODUCT_BUNDLE_IDENTIFIER = "com.zendai.$(PRODUCT_NAME:rfc1034identifier)";
				PRODUCT_NAME = "$(TARGET_NAME)";
			};
			name = Debug;
		};
		81D668BA1BA7E8F4001CC403 /* Release */ = {
			isa = XCBuildConfiguration;
			baseConfigurationReference = 79A5173B5DEBCA8509A2BF4F /* Pods-WeatherDemo.release.xcconfig */;
			buildSettings = {
				ASSETCATALOG_COMPILER_APPICON_NAME = AppIcon;
				INFOPLIST_FILE = WeatherDemo/Info.plist;
				LD_RUNPATH_SEARCH_PATHS = "$(inherited) @executable_path/Frameworks";
				PRODUCT_BUNDLE_IDENTIFIER = "com.zendai.$(PRODUCT_NAME:rfc1034identifier)";
				PRODUCT_NAME = "$(TARGET_NAME)";
			};
			name = Release;
		};
		81D668BC1BA7E8F4001CC403 /* Debug */ = {
			isa = XCBuildConfiguration;
			buildSettings = {
				BUNDLE_LOADER = "$(TEST_HOST)";
				FRAMEWORK_SEARCH_PATHS = (
					"$(SDKROOT)/Developer/Library/Frameworks",
					"$(inherited)",
				);
				GCC_PREPROCESSOR_DEFINITIONS = (
					"DEBUG=1",
					"$(inherited)",
				);
				INFOPLIST_FILE = WeatherDemoTests/Info.plist;
				LD_RUNPATH_SEARCH_PATHS = "$(inherited) @executable_path/Frameworks @loader_path/Frameworks";
				PRODUCT_BUNDLE_IDENTIFIER = "com.zendai.$(PRODUCT_NAME:rfc1034identifier)";
				PRODUCT_NAME = "$(TARGET_NAME)";
				TEST_HOST = "$(BUILT_PRODUCTS_DIR)/WeatherDemo.app/WeatherDemo";
			};
			name = Debug;
		};
		81D668BD1BA7E8F4001CC403 /* Release */ = {
			isa = XCBuildConfiguration;
			buildSettings = {
				BUNDLE_LOADER = "$(TEST_HOST)";
				FRAMEWORK_SEARCH_PATHS = (
					"$(SDKROOT)/Developer/Library/Frameworks",
					"$(inherited)",
				);
				INFOPLIST_FILE = WeatherDemoTests/Info.plist;
				LD_RUNPATH_SEARCH_PATHS = "$(inherited) @executable_path/Frameworks @loader_path/Frameworks";
				PRODUCT_BUNDLE_IDENTIFIER = "com.zendai.$(PRODUCT_NAME:rfc1034identifier)";
				PRODUCT_NAME = "$(TARGET_NAME)";
				TEST_HOST = "$(BUILT_PRODUCTS_DIR)/WeatherDemo.app/WeatherDemo";
			};
			name = Release;
		};
/* End XCBuildConfiguration section */

/* Begin XCConfigurationList section */
		81D668941BA7E8F4001CC403 /* Build configuration list for PBXProject "WeatherDemo" */ = {
			isa = XCConfigurationList;
			buildConfigurations = (
				81D668B61BA7E8F4001CC403 /* Debug */,
				81D668B71BA7E8F4001CC403 /* Release */,
			);
			defaultConfigurationIsVisible = 0;
			defaultConfigurationName = Release;
		};
		81D668B81BA7E8F4001CC403 /* Build configuration list for PBXNativeTarget "WeatherDemo" */ = {
			isa = XCConfigurationList;
			buildConfigurations = (
				81D668B91BA7E8F4001CC403 /* Debug */,
				81D668BA1BA7E8F4001CC403 /* Release */,
			);
			defaultConfigurationIsVisible = 0;
			defaultConfigurationName = Release;
		};
		81D668BB1BA7E8F4001CC403 /* Build configuration list for PBXNativeTarget "WeatherDemoTests" */ = {
			isa = XCConfigurationList;
			buildConfigurations = (
				81D668BC1BA7E8F4001CC403 /* Debug */,
				81D668BD1BA7E8F4001CC403 /* Release */,
			);
			defaultConfigurationIsVisible = 0;
			defaultConfigurationName = Release;
		};
/* End XCConfigurationList section */
	};
	rootObject = 81D668911BA7E8F4001CC403 /* Project object */;
}
