// !$*UTF8*$!
{
	archiveVersion = 1;
	classes = {
	};
	objectVersion = 46;
	objects = {

/* Begin PBXBuildFile section */
		81D6689F1BA7E8F4001CC403 /* AppDelegate.swift in Sources */ = {isa = PBXBuildFile; fileRef = 81D6689E1BA7E8F4001CC403 /* AppDelegate.swift */; };
		81D668A11BA7E8F4001CC403 /* ViewController.swift in Sources */ = {isa = PBXBuildFile; fileRef = 81D668A01BA7E8F4001CC403 /* ViewController.swift */; };
		81D668A41BA7E8F4001CC403 /* Main.storyboard in Resources */ = {isa = PBXBuildFile; fileRef = 81D668A21BA7E8F4001CC403 /* Main.storyboard */; };
		81D668A61BA7E8F4001CC403 /* Images.xcassets in Resources */ = {isa = PBXBuildFile; fileRef = 81D668A51BA7E8F4001CC403 /* Images.xcassets */; };
		81D668A91BA7E8F4001CC403 /* LaunchScreen.xib in Resources */ = {isa = PBXBuildFile; fileRef = 81D668A71BA7E8F4001CC403 /* LaunchScreen.xib */; };
		81D668B51BA7E8F4001CC403 /* WeatherDemoTests.swift in Sources */ = {isa = PBXBuildFile; fileRef = 81D668B41BA7E8F4001CC403 /* WeatherDemoTests.swift */; };
/* End PBXBuildFile section */

/* Begin PBXContainerItemProxy section */
		81D668AF1BA7E8F4001CC403 /* PBXContainerItemProxy */ = {
			isa = PBXContainerItemProxy;
			containerPortal = 81D668911BA7E8F4001CC403 /* Project object */;
			proxyType = 1;
			remoteGlobalIDString = 81D668981BA7E8F4001CC403;
			remoteInfo = WeatherDemo;
		};
/* End PBXContainerItemProxy section */

/* Begin PBXFileReference section */
		81D668991BA7E8F4001CC403 /* WeatherDemo.app */ = {isa = PBXFileReference; explicitFileType = wrapper.application; includeInIndex = 0; path = WeatherDemo.app; sourceTree = BUILT_PRODUCTS_DIR; };
		81D6689D1BA7E8F4001CC403 /* Info.plist */ = {isa = PBXFileReference; lastKnownFileType = text.plist.xml; path = Info.plist; sourceTree = "<group>"; };
		81D6689E1BA7E8F4001CC403 /* AppDelegate.swift */ = {isa = PBXFileReference; lastKnownFileType = sourcecode.swift; path = AppDelegate.swift; sourceTree = "<group>"; };
		81D668A01BA7E8F4001CC403 /* ViewController.swift */ = {isa = PBXFileReference; lastKnownFileType = sourcecode.swift; path = ViewController.swift; sourceTree = "<group>"; };
		81D668A31BA7E8F4001CC403 /* Base */ = {isa = PBXFileReference; lastKnownFileType = file.storyboard; name = Base; path = Base.lproj/Main.storyboard; sourceTree = "<group>"; };
		81D668A51BA7E8F4001CC403 /* Images.xcassets */ = {isa = PBXFileReference; lastKnownFileType = folder.assetcatalog; path = Images.xcassets; sourceTree = "<group>"; };
		81D668A81BA7E8F4001CC403 /* Base */ = {isa = PBXFileReference; lastKnownFileType = file.xib; name = Base; path = Base.lproj/LaunchScreen.xib; sourceTree = "<group>"; };
		81D668AE1BA7E8F4001CC403 /* WeatherDemoTests.xctest */ = {isa = PBXFileReference; explicitFileType = wrapper.cfbundle; includeInIndex = 0; path = WeatherDemoTests.xctest; sourceTree = BUILT_PRODUCTS_DIR; };
		81D668B31BA7E8F4001CC403 /* Info.plist */ = {isa = PBXFileReference; lastKnownFileType = text.plist.xml; path = Info.plist; sourceTree = "<group>"; };
		81D668B41BA7E8F4001CC403 /* WeatherDemoTests.swift */ = {isa = PBXFileReference; lastKnownFileType = sourcecode.swift; path = WeatherDemoTests.swift; sourceTree = "<group>"; };
/* End PBXFileReference section */

/* Begin PBXFrameworksBuildPhase section */
		81D668961BA7E8F4001CC403 /* Frameworks */ = {
			isa = PBXFrameworksBuildPhase;
			buildActionMask = 2147483647;
			files = (
			);
			runOnlyForDeploymentPostprocessing = 0;
		};
		81D668AB1BA7E8F4001CC403 /* Frameworks */ = {
			isa = PBXFrameworksBuildPhase;
			buildActionMask = 2147483647;
			files = (
			);
			runOnlyForDeploymentPostprocessing = 0;
		};
/* End PBXFrameworksBuildPhase section */

/* Begin PBXGroup section */
		81D668901BA7E8F4001CC403 = {
			isa = PBXGroup;
			children = (
				81D6689B1BA7E8F4001CC403 /* WeatherDemo */,
				81D668B11BA7E8F4001CC403 /* WeatherDemoTests */,
				81D6689A1BA7E8F4001CC403 /* Products */,
			);
			sourceTree = "<group>";
		};
		81D6689A1BA7E8F4001CC403 /* Products */ = {
			isa = PBXGroup;
			children = (
				81D668991BA7E8F4001CC403 /* WeatherDemo.app */,
				81D668AE1BA7E8F4001CC403 /* WeatherDemoTests.xctest */,
			);
			name = Products;
			sourceTree = "<group>";
		};
		81D6689B1BA7E8F4001CC403 /* WeatherDemo */ = {
			isa = PBXGroup;
			children = (
				81D6689E1BA7E8F4001CC403 /* AppDelegate.swift */,
				81D668A01BA7E8F4001CC403 /* ViewController.swift */,
				81D668A21BA7E8F4001CC403 /* Main.storyboard */,
				81D668A51BA7E8F4001CC403 /* Images.xcassets */,
				81D668A71BA7E8F4001CC403 /* LaunchScreen.xib */,
				81D6689C1BA7E8F4001CC403 /* Supporting Files */,
			);
			path = WeatherDemo;
			sourceTree = "<group>";
		};
		81D6689C1BA7E8F4001CC403 /* Supporting Files */ = {
			isa = PBXGroup;
			children = (
				81D6689D1BA7E8F4001CC403 /* Info.plist */,
			);
			name = "Supporting Files";
			sourceTree = "<group>";
		};
		81D668B11BA7E8F4001CC403 /* WeatherDemoTests */ = {
			isa = PBXGroup;
			children = (
				81D668B41BA7E8F4001CC403 /* WeatherDemoTests.swift */,
				81D668B21BA7E8F4001CC403 /* Supporting Files */,
			);
			path = WeatherDemoTests;
			sourceTree = "<group>";
		};
		81D668B21BA7E8F4001CC403 /* Supporting Files */ = {
			isa = PBXGroup;
			children = (
				81D668B31BA7E8F4001CC403 /* Info.plist */,
			);
			name = "Supporting Files";
			sourceTree = "<group>";
		};
/* End PBXGroup section */

/* Begin PBXNativeTarget section */
		81D668981BA7E8F4001CC403 /* WeatherDemo */ = {
			isa = PBXNativeTarget;
			buildConfigurationList = 81D668B81BA7E8F4001CC403 /* Build configuration list for PBXNativeTarget "WeatherDemo" */;
			buildPhases = (
				81D668951BA7E8F4001CC403 /* Sources */,
				81D668961BA7E8F4001CC403 /* Frameworks */,
				81D668971BA7E8F4001CC403 /* Resources */,
			);
			buildRules = (
			);
			dependencies = (
			);
			name = WeatherDemo;
			productName = WeatherDemo;
			productReference = 81D668991BA7E8F4001CC403 /* WeatherDemo.app */;
			productType = "com.apple.product-type.application";
		};
		81D668AD1BA7E8F4001CC403 /* WeatherDemoTests */ = {
			isa = PBXNativeTarget;
			buildConfigurationList = 81D668BB1BA7E8F4001CC403 /* Build configuration list for PBXNativeTarget "WeatherDemoTests" */;
			buildPhases = (
				81D668AA1BA7E8F4001CC403 /* Sources */,
				81D668AB1BA7E8F4001CC403 /* Frameworks */,
				81D668AC1BA7E8F4001CC403 /* Resources */,
			);
			buildRules = (
			);
			dependencies = (
				81D668B01BA7E8F4001CC403 /* PBXTargetDependency */,
			);
			name = WeatherDemoTests;
			productName = WeatherDemoTests;
			productReference = 81D668AE1BA7E8F4001CC403 /* WeatherDemoTests.xctest */;
			productType = "com.apple.product-type.bundle.unit-test";
		};
/* End PBXNativeTarget section */

/* Begin PBXProject section */
		81D668911BA7E8F4001CC403 /* Project object */ = {
			isa = PBXProject;
			attributes = {
				LastUpgradeCheck = 0640;
				ORGANIZATIONNAME = com.czs;
				TargetAttributes = {
					81D668981BA7E8F4001CC403 = {
						CreatedOnToolsVersion = 6.4;
					};
					81D668AD1BA7E8F4001CC403 = {
						CreatedOnToolsVersion = 6.4;
						TestTargetID = 81D668981BA7E8F4001CC403;
					};
				};
			};
			buildConfigurationList = 81D668941BA7E8F4001CC403 /* Build configuration list for PBXProject "WeatherDemo" */;
			compatibilityVersion = "Xcode 3.2";
			developmentRegion = English;
			hasScannedForEncodings = 0;
			knownRegions = (
				en,
				Base,
			);
			mainGroup = 81D668901BA7E8F4001CC403;
			productRefGroup = 81D6689A1BA7E8F4001CC403 /* Products */;
			projectDirPath = "";
			projectRoot = "";
			targets = (
				81D668981BA7E8F4001CC403 /* WeatherDemo */,
				81D668AD1BA7E8F4001CC403 /* WeatherDemoTests */,
			);
		};
/* End PBXProject section */

/* Begin PBXResourcesBuildPhase section */
		81D668971BA7E8F4001CC403 /* Resources */ = {
			isa = PBXResourcesBuildPhase;
			buildActionMask = 2147483647;
			files = (
				81D668A41BA7E8F4001CC403 /* Main.storyboard in Resources */,
				81D668A91BA7E8F4001CC403 /* LaunchScreen.xib in Resources */,
				81D668A61BA7E8F4001CC403 /* Images.xcassets in Resources */,
			);
			runOnlyForDeploymentPostprocessing = 0;
		};
		81D668AC1BA7E8F4001CC403 /* Resources */ = {
			isa = PBXResourcesBuildPhase;
			buildActionMask = 2147483647;
			files = (
			);
			runOnlyForDeploymentPostprocessing = 0;
		};
/* End PBXResourcesBuildPhase section */

/* Begin PBXSourcesBuildPhase section */
		81D668951BA7E8F4001CC403 /* Sources */ = {
			isa = PBXSourcesBuildPhase;
			buildActionMask = 2147483647;
			files = (
				81D668A11BA7E8F4001CC403 /* ViewController.swift in Sources */,
				81D6689F1BA7E8F4001CC403 /* AppDelegate.swift in Sources */,
			);
			runOnlyForDeploymentPostprocessing = 0;
		};
		81D668AA1BA7E8F4001CC403 /* Sources */ = {
			isa = PBXSourcesBuildPhase;
			buildActionMask = 2147483647;
			files = (
				81D668B51BA7E8F4001CC403 /* WeatherDemoTests.swift in Sources */,
			);
			runOnlyForDeploymentPostprocessing = 0;
		};
/* End PBXSourcesBuildPhase section */

/* Begin PBXTargetDependency section */
		81D668B01BA7E8F4001CC403 /* PBXTargetDependency */ = {
			isa = PBXTargetDependency;
			target = 81D668981BA7E8F4001CC403 /* WeatherDemo */;
			targetProxy = 81D668AF1BA7E8F4001CC403 /* PBXContainerItemProxy */;
		};
/* End PBXTargetDependency section */

/* Begin PBXVariantGroup section */
		81D668A21BA7E8F4001CC403 /* Main.storyboard */ = {
			isa = PBXVariantGroup;
			children = (
				81D668A31BA7E8F4001CC403 /* Base */,
			);
			name = Main.storyboard;
			sourceTree = "<group>";
		};
		81D668A71BA7E8F4001CC403 /* LaunchScreen.xib */ = {
			isa = PBXVariantGroup;
			children = (
				81D668A81BA7E8F4001CC403 /* Base */,
			);
			name = LaunchScreen.xib;
			sourceTree = "<group>";
		};
/* End PBXVariantGroup section */

/* Begin XCBuildConfiguration section */
		81D668B61BA7E8F4001CC403 /* Debug */ = {
			isa = XCBuildConfiguration;
			buildSettings = {
				ALWAYS_SEARCH_USER_PATHS = NO;
				CLANG_CXX_LANGUAGE_STANDARD = "gnu++0x";
				CLANG_CXX_LIBRARY = "libc++";
				CLANG_ENABLE_MODULES = YES;
				CLANG_ENABLE_OBJC_ARC = YES;
				CLANG_WARN_BOOL_CONVERSION = YES;
				CLANG_WARN_CONSTANT_CONVERSION = YES;
				CLANG_WARN_DIRECT_OBJC_ISA_USAGE = YES_ERROR;
				CLANG_WARN_EMPTY_BODY = YES;
				CLANG_WARN_ENUM_CONVERSION = YES;
				CLANG_WARN_INT_CONVERSION = YES;
				CLANG_WARN_OBJC_ROOT_CLASS = YES_ERROR;
				CLANG_WARN_UNREACHABLE_CODE = YES;
				CLANG_WARN__DUPLICATE_METHOD_MATCH = YES;
				"CODE_SIGN_IDENTITY[sdk=iphoneos*]" = "iPhone Developer";
				COPY_PHASE_STRIP = NO;
				DEBUG_INFORMATION_FORMAT = "dwarf-with-dsym";
				ENABLE_STRICT_OBJC_MSGSEND = YES;
				GCC_C_LANGUAGE_STANDARD = gnu99;
				GCC_DYNAMIC_NO_PIC = NO;
				GCC_NO_COMMON_BLOCKS = YES;
				GCC_OPTIMIZATION_LEVEL = 0;
				GCC_PREPROCESSOR_DEFINITIONS = (
					"DEBUG=1",
					"$(inherited)",
				);
				GCC_SYMBOLS_PRIVATE_EXTERN = NO;
				GCC_WARN_64_TO_32_BIT_CONVERSION = YES;
				GCC_WARN_ABOUT_RETURN_TYPE = YES_ERROR;
				GCC_WARN_UNDECLARED_SELECTOR = YES;
				GCC_WARN_UNINITIALIZED_AUTOS = YES_AGGRESSIVE;
				GCC_WARN_UNUSED_FUNCTION = YES;
				GCC_WARN_UNUSED_VARIABLE = YES;
				IPHONEOS_DEPLOYMENT_TARGET = 8.4;
				MTL_ENABLE_DEBUG_INFO = YES;
				ONLY_ACTIVE_ARCH = YES;
				SDKROOT = iphoneos;
				SWIFT_OPTIMIZATION_LEVEL = "-Onone";
				TARGETED_DEVICE_FAMILY = "1,2";
			};
			name = Debug;
		};
		81D668B71BA7E8F4001CC403 /* Release */ = {
			isa = XCBuildConfiguration;
			buildSettings = {
				ALWAYS_SEARCH_USER_PATHS = NO;
				CLANG_CXX_LANGUAGE_STANDARD = "gnu++0x";
				CLANG_CXX_LIBRARY = "libc++";
				CLANG_ENABLE_MODULES = YES;
				CLANG_ENABLE_OBJC_ARC = YES;
				CLANG_WARN_BOOL_CONVERSION = YES;
				CLANG_WARN_CONSTANT_CONVERSION = YES;
				CLANG_WARN_DIRECT_OBJC_ISA_USAGE = YES_ERROR;
				CLANG_WARN_EMPTY_BODY = YES;
				CLANG_WARN_ENUM_CONVERSION = YES;
				CLANG_WARN_INT_CONVERSION = YES;
				CLANG_WARN_OBJC_ROOT_CLASS = YES_ERROR;
				CLANG_WARN_UNREACHABLE_CODE = YES;
				CLANG_WARN__DUPLICATE_METHOD_MATCH = YES;
				"CODE_SIGN_IDENTITY[sdk=iphoneos*]" = "iPhone Developer";
				COPY_PHASE_STRIP = NO;
				DEBUG_INFORMATION_FORMAT = "dwarf-with-dsym";
				ENABLE_NS_ASSERTIONS = NO;
				ENABLE_STRICT_OBJC_MSGSEND = YES;
				GCC_C_LANGUAGE_STANDARD = gnu99;
				GCC_NO_COMMON_BLOCKS = YES;
				GCC_WARN_64_TO_32_BIT_CONVERSION = YES;
				GCC_WARN_ABOUT_RETURN_TYPE = YES_ERROR;
				GCC_WARN_UNDECLARED_SELECTOR = YES;
				GCC_WARN_UNINITIALIZED_AUTOS = YES_AGGRESSIVE;
				GCC_WARN_UNUSED_FUNCTION = YES;
				GCC_WARN_UNUSED_VARIABLE = YES;
				IPHONEOS_DEPLOYMENT_TARGET = 8.4;
				MTL_ENABLE_DEBUG_INFO = NO;
				SDKROOT = iphoneos;
				TARGETED_DEVICE_FAMILY = "1,2";
				VALIDATE_PRODUCT = YES;
			};
			name = Release;
		};
		81D668B91BA7E8F4001CC403 /* Debug */ = {
			isa = XCBuildConfiguration;
			buildSettings = {
				ASSETCATALOG_COMPILER_APPICON_NAME = AppIcon;
				INFOPLIST_FILE = WeatherDemo/Info.plist;
				LD_RUNPATH_SEARCH_PATHS = "$(inherited) @executable_path/Frameworks";
				PRODUCT_NAME = "$(TARGET_NAME)";
			};
			name = Debug;
		};
		81D668BA1BA7E8F4001CC403 /* Release */ = {
			isa = XCBuildConfiguration;
			buildSettings = {
				ASSETCATALOG_COMPILER_APPICON_NAME = AppIcon;
				INFOPLIST_FILE = WeatherDemo/Info.plist;
				LD_RUNPATH_SEARCH_PATHS = "$(inherited) @executable_path/Frameworks";
				PRODUCT_NAME = "$(TARGET_NAME)";
			};
			name = Release;
		};
		81D668BC1BA7E8F4001CC403 /* Debug */ = {
			isa = XCBuildConfiguration;
			buildSettings = {
				BUNDLE_LOADER = "$(TEST_HOST)";
				FRAMEWORK_SEARCH_PATHS = (
					"$(SDKROOT)/Developer/Library/Frameworks",
					"$(inherited)",
				);
				GCC_PREPROCESSOR_DEFINITIONS = (
					"DEBUG=1",
					"$(inherited)",
				);
				INFOPLIST_FILE = WeatherDemoTests/Info.plist;
				LD_RUNPATH_SEARCH_PATHS = "$(inherited) @executable_path/Frameworks @loader_path/Frameworks";
				PRODUCT_NAME = "$(TARGET_NAME)";
				TEST_HOST = "$(BUILT_PRODUCTS_DIR)/WeatherDemo.app/WeatherDemo";
			};
			name = Debug;
		};
		81D668BD1BA7E8F4001CC403 /* Release */ = {
			isa = XCBuildConfiguration;
			buildSettings = {
				BUNDLE_LOADER = "$(TEST_HOST)";
				FRAMEWORK_SEARCH_PATHS = (
					"$(SDKROOT)/Developer/Library/Frameworks",
					"$(inherited)",
				);
				INFOPLIST_FILE = WeatherDemoTests/Info.plist;
				LD_RUNPATH_SEARCH_PATHS = "$(inherited) @executable_path/Frameworks @loader_path/Frameworks";
				PRODUCT_NAME = "$(TARGET_NAME)";
				TEST_HOST = "$(BUILT_PRODUCTS_DIR)/WeatherDemo.app/WeatherDemo";
			};
			name = Release;
		};
/* End XCBuildConfiguration section */

/* Begin XCConfigurationList section */
		81D668941BA7E8F4001CC403 /* Build configuration list for PBXProject "WeatherDemo" */ = {
			isa = XCConfigurationList;
			buildConfigurations = (
				81D668B61BA7E8F4001CC403 /* Debug */,
				81D668B71BA7E8F4001CC403 /* Release */,
			);
			defaultConfigurationIsVisible = 0;
			defaultConfigurationName = Release;
		};
		81D668B81BA7E8F4001CC403 /* Build configuration list for PBXNativeTarget "WeatherDemo" */ = {
			isa = XCConfigurationList;
			buildConfigurations = (
				81D668B91BA7E8F4001CC403 /* Debug */,
				81D668BA1BA7E8F4001CC403 /* Release */,
			);
			defaultConfigurationIsVisible = 0;
		};
		81D668BB1BA7E8F4001CC403 /* Build configuration list for PBXNativeTarget "WeatherDemoTests" */ = {
			isa = XCConfigurationList;
			buildConfigurations = (
				81D668BC1BA7E8F4001CC403 /* Debug */,
				81D668BD1BA7E8F4001CC403 /* Release */,
			);
			defaultConfigurationIsVisible = 0;
		};
/* End XCConfigurationList section */
	};
	rootObject = 81D668911BA7E8F4001CC403 /* Project object */;
}
